
Microsoft Visual Studio Solution File, Format Version 12.00
# Visual Studio Version 17
VisualStudioVersion = 17.2.32630.192
MinimumVisualStudioVersion = 10.0.40219.1
Project("{9A19103F-16F7-4668-BE54-9A1E7A4F7556}") = "CarWorkShop", "CarWorkShop\CarWorkShop.csproj", "{80403C3E-1F4D-48B0-A2DD-9F2F5E62CDFE}"
EndProject
Project("{2150E333-8FDC-42A3-9474-1A3956D46DE8}") = "Models", "Models", "{90E0BF3A-938A-4085-9DCC-CA8BB132B1ED}"
EndProject
Project("{9A19103F-16F7-4668-BE54-9A1E7A4F7556}") = "CarWorkShop.Models", "CarWorkShop.Models\CarWorkShop.Models.csproj", "{E3FBBF38-ED1F-44E7-B21C-2220DE7B8E46}"
EndProject
Project("{2150E333-8FDC-42A3-9474-1A3956D46DE8}") = "DAL", "DAL", "{DD565B1E-DB0A-42F8-B738-C07A0E097D84}"
EndProject
Project("{9A19103F-16F7-4668-BE54-9A1E7A4F7556}") = "CarWorkShop.DAL", "CarWorkShop.DAL\CarWorkShop.DAL.csproj", "{217FD2C0-CDA5-414C-B157-7812D87BDBC5}"
EndProject
Project("{2150E333-8FDC-42A3-9474-1A3956D46DE8}") = "Service", "Service", "{EF585F8D-C75B-4C53-91B2-4EBA5D9E4728}"
EndProject
Project("{9A19103F-16F7-4668-BE54-9A1E7A4F7556}") = "CarWorkShop.Service", "CarWorkShop.Service\CarWorkShop.Service.csproj", "{248A5CA9-8A2E-4C83-9917-D4638E0441C9}"
EndProject
Global
	GlobalSection(SolutionConfigurationPlatforms) = preSolution
		Debug|Any CPU = Debug|Any CPU
		Release|Any CPU = Release|Any CPU
	EndGlobalSection
	GlobalSection(ProjectConfigurationPlatforms) = postSolution
		{80403C3E-1F4D-48B0-A2DD-9F2F5E62CDFE}.Debug|Any CPU.ActiveCfg = Debug|Any CPU
		{80403C3E-1F4D-48B0-A2DD-9F2F5E62CDFE}.Debug|Any CPU.Build.0 = Debug|Any CPU
		{80403C3E-1F4D-48B0-A2DD-9F2F5E62CDFE}.Release|Any CPU.ActiveCfg = Release|Any CPU
		{80403C3E-1F4D-48B0-A2DD-9F2F5E62CDFE}.Release|Any CPU.Build.0 = Release|Any CPU
		{E3FBBF38-ED1F-44E7-B21C-2220DE7B8E46}.Debug|Any CPU.ActiveCfg = Debug|Any CPU
		{E3FBBF38-ED1F-44E7-B21C-2220DE7B8E46}.Debug|Any CPU.Build.0 = Debug|Any CPU
		{E3FBBF38-ED1F-44E7-B21C-2220DE7B8E46}.Release|Any CPU.ActiveCfg = Release|Any CPU
		{E3FBBF38-ED1F-44E7-B21C-2220DE7B8E46}.Release|Any CPU.Build.0 = Release|Any CPU
		{217FD2C0-CDA5-414C-B157-7812D87BDBC5}.Debug|Any CPU.ActiveCfg = Debug|Any CPU
		{217FD2C0-CDA5-414C-B157-7812D87BDBC5}.Debug|Any CPU.Build.0 = Debug|Any CPU
		{217FD2C0-CDA5-414C-B157-7812D87BDBC5}.Release|Any CPU.ActiveCfg = Release|Any CPU
		{217FD2C0-CDA5-414C-B157-7812D87BDBC5}.Release|Any CPU.Build.0 = Release|Any CPU
		{248A5CA9-8A2E-4C83-9917-D4638E0441C9}.Debug|Any CPU.ActiveCfg = Debug|Any CPU
		{248A5CA9-8A2E-4C83-9917-D4638E0441C9}.Debug|Any CPU.Build.0 = Debug|Any CPU
		{248A5CA9-8A2E-4C83-9917-D4638E0441C9}.Release|Any CPU.ActiveCfg = Release|Any CPU
		{248A5CA9-8A2E-4C83-9917-D4638E0441C9}.Release|Any CPU.Build.0 = Release|Any CPU
	EndGlobalSection
	GlobalSection(SolutionProperties) = preSolution
		HideSolutionNode = FALSE
	EndGlobalSection
	GlobalSection(NestedProjects) = preSolution
		{E3FBBF38-ED1F-44E7-B21C-2220DE7B8E46} = {90E0BF3A-938A-4085-9DCC-CA8BB132B1ED}
		{217FD2C0-CDA5-414C-B157-7812D87BDBC5} = {DD565B1E-DB0A-42F8-B738-C07A0E097D84}
		{248A5CA9-8A2E-4C83-9917-D4638E0441C9} = {EF585F8D-C75B-4C53-91B2-4EBA5D9E4728}
	EndGlobalSection
	GlobalSection(ExtensibilityGlobals) = postSolution
		SolutionGuid = {7317037F-41B9-4383-8F7E-1D674763799D}
	EndGlobalSection
EndGlobal
